
Microsoft Visual Studio Solution File, Format Version 12.00
# Visual Studio Version 17
VisualStudioVersion = 17.5.002.0
MinimumVisualStudioVersion = 10.0.40219.1
Project("{9A19103F-16F7-4668-BE54-9A1E7A4F7556}") = "LoanCalculator", "LoanCalculator\LoanCalculator.csproj", "{B3F39C16-A16F-4CA3-B86C-B52C00D68DA4}"
EndProject
Project("{9A19103F-16F7-4668-BE54-9A1E7A4F7556}") = "ReferenceNumberCalculator", "ReferenceNumberCalculator\ReferenceNumberCalculator.csproj", "{A5835A17-F9CC-4873-B31E-E63D82731B0D}"
EndProject
Project("{9A19103F-16F7-4668-BE54-9A1E7A4F7556}") = "Task3", "Task3\Task3.csproj", "{D5B5CEAE-423C-4874-A30D-ACCEFBC77357}"
EndProject
Global
	GlobalSection(SolutionConfigurationPlatforms) = preSolution
		Debug|Any CPU = Debug|Any CPU
		Release|Any CPU = Release|Any CPU
	EndGlobalSection
	GlobalSection(ProjectConfigurationPlatforms) = postSolution
		{B3F39C16-A16F-4CA3-B86C-B52C00D68DA4}.Debug|Any CPU.ActiveCfg = Debug|Any CPU
		{B3F39C16-A16F-4CA3-B86C-B52C00D68DA4}.Debug|Any CPU.Build.0 = Debug|Any CPU
		{B3F39C16-A16F-4CA3-B86C-B52C00D68DA4}.Release|Any CPU.ActiveCfg = Release|Any CPU
		{B3F39C16-A16F-4CA3-B86C-B52C00D68DA4}.Release|Any CPU.Build.0 = Release|Any CPU
		{A5835A17-F9CC-4873-B31E-E63D82731B0D}.Debug|Any CPU.ActiveCfg = Debug|Any CPU
		{A5835A17-F9CC-4873-B31E-E63D82731B0D}.Debug|Any CPU.Build.0 = Debug|Any CPU
		{A5835A17-F9CC-4873-B31E-E63D82731B0D}.Release|Any CPU.ActiveCfg = Release|Any CPU
		{A5835A17-F9CC-4873-B31E-E63D82731B0D}.Release|Any CPU.Build.0 = Release|Any CPU
		{D5B5CEAE-423C-4874-A30D-ACCEFBC77357}.Debug|Any CPU.ActiveCfg = Debug|Any CPU
		{D5B5CEAE-423C-4874-A30D-ACCEFBC77357}.Debug|Any CPU.Build.0 = Debug|Any CPU
		{D5B5CEAE-423C-4874-A30D-ACCEFBC77357}.Release|Any CPU.ActiveCfg = Release|Any CPU
		{D5B5CEAE-423C-4874-A30D-ACCEFBC77357}.Release|Any CPU.Build.0 = Release|Any CPU
	EndGlobalSection
	GlobalSection(SolutionProperties) = preSolution
		HideSolutionNode = FALSE
	EndGlobalSection
	GlobalSection(ExtensibilityGlobals) = postSolution
		SolutionGuid = {988B1128-4AE1-4EAC-A6B5-E43CA0696B97}
	EndGlobalSection
EndGlobal
